
Microsoft Visual Studio Solution File, Format Version 12.00
# Visual Studio Version 16
VisualStudioVersion = 16.0.31624.102
MinimumVisualStudioVersion = 10.0.40219.1
Project("{FAE04EC0-301F-11D3-BF4B-00C04F79EFBC}") = "MovieRater.WebAPI", "MovieRaterTeamProject\MovieRater.WebAPI.csproj", "{A8BFD076-7588-47EA-9B07-B3BEDF7721E5}"
EndProject
Project("{FAE04EC0-301F-11D3-BF4B-00C04F79EFBC}") = "MovieRater.Data", "MovieRater.Data\MovieRater.Data.csproj", "{D021792A-15D2-41DD-87E0-548BD114DD34}"
EndProject
Project("{FAE04EC0-301F-11D3-BF4B-00C04F79EFBC}") = "MovieRater.Models", "MovieRater.Models\MovieRater.Models.csproj", "{03939B87-20B7-4D5A-803F-8B1C323C0029}"
EndProject
Project("{FAE04EC0-301F-11D3-BF4B-00C04F79EFBC}") = "MovieRater.Services", "MovieRater.Services\MovieRater.Services.csproj", "{B30C0842-3C3F-498C-AE48-EC8C1BEC6AA5}"
EndProject
Project("{FAE04EC0-301F-11D3-BF4B-00C04F79EFBC}") = "MovieRater.Data", "MovieRater.Data\MovieRater.Data.csproj", "{D021792A-15D2-41DD-87E0-548BD114DD34}"
EndProject
Project("{FAE04EC0-301F-11D3-BF4B-00C04F79EFBC}") = "MovieRater.Models", "MovieRater.Models\MovieRater.Models.csproj", "{03939B87-20B7-4D5A-803F-8B1C323C0029}"
EndProject
Project("{FAE04EC0-301F-11D3-BF4B-00C04F79EFBC}") = "MovieRater.Services", "MovieRater.Services\MovieRater.Services.csproj", "{B30C0842-3C3F-498C-AE48-EC8C1BEC6AA5}"
EndProject
Global
	GlobalSection(SolutionConfigurationPlatforms) = preSolution
		Debug|Any CPU = Debug|Any CPU
		Release|Any CPU = Release|Any CPU
	EndGlobalSection
	GlobalSection(ProjectConfigurationPlatforms) = postSolution
		{A8BFD076-7588-47EA-9B07-B3BEDF7721E5}.Debug|Any CPU.ActiveCfg = Debug|Any CPU
		{A8BFD076-7588-47EA-9B07-B3BEDF7721E5}.Debug|Any CPU.Build.0 = Debug|Any CPU
		{A8BFD076-7588-47EA-9B07-B3BEDF7721E5}.Release|Any CPU.ActiveCfg = Release|Any CPU
		{A8BFD076-7588-47EA-9B07-B3BEDF7721E5}.Release|Any CPU.Build.0 = Release|Any CPU
		{D021792A-15D2-41DD-87E0-548BD114DD34}.Debug|Any CPU.ActiveCfg = Debug|Any CPU
		{D021792A-15D2-41DD-87E0-548BD114DD34}.Debug|Any CPU.Build.0 = Debug|Any CPU
		{D021792A-15D2-41DD-87E0-548BD114DD34}.Release|Any CPU.ActiveCfg = Release|Any CPU
		{D021792A-15D2-41DD-87E0-548BD114DD34}.Release|Any CPU.Build.0 = Release|Any CPU
		{03939B87-20B7-4D5A-803F-8B1C323C0029}.Debug|Any CPU.ActiveCfg = Debug|Any CPU
		{03939B87-20B7-4D5A-803F-8B1C323C0029}.Debug|Any CPU.Build.0 = Debug|Any CPU
		{03939B87-20B7-4D5A-803F-8B1C323C0029}.Release|Any CPU.ActiveCfg = Release|Any CPU
		{03939B87-20B7-4D5A-803F-8B1C323C0029}.Release|Any CPU.Build.0 = Release|Any CPU
		{B30C0842-3C3F-498C-AE48-EC8C1BEC6AA5}.Debug|Any CPU.ActiveCfg = Debug|Any CPU
		{B30C0842-3C3F-498C-AE48-EC8C1BEC6AA5}.Debug|Any CPU.Build.0 = Debug|Any CPU
		{B30C0842-3C3F-498C-AE48-EC8C1BEC6AA5}.Release|Any CPU.ActiveCfg = Release|Any CPU
		{B30C0842-3C3F-498C-AE48-EC8C1BEC6AA5}.Release|Any CPU.Build.0 = Release|Any CPU
	EndGlobalSection
	GlobalSection(SolutionProperties) = preSolution
		HideSolutionNode = FALSE
	EndGlobalSection
	GlobalSection(ExtensibilityGlobals) = postSolution
		SolutionGuid = {ADE0052F-7D41-479E-AE12-7D1C431B3668}
	EndGlobalSection
EndGlobal
